// !$*UTF8*$!
{
	archiveVersion = 1;
	classes = {
	};
	objectVersion = 46;
	objects = {

/* Begin PBXAggregateTarget section */
		"IBPSwiftCore::IBPSwiftCorePackageTests::ProductTarget" /* IBPSwiftCorePackageTests */ = {
			isa = PBXAggregateTarget;
			buildConfigurationList = OBJ_32 /* Build configuration list for PBXAggregateTarget "IBPSwiftCorePackageTests" */;
			buildPhases = (
			);
			dependencies = (
				OBJ_35 /* PBXTargetDependency */,
			);
			name = IBPSwiftCorePackageTests;
			productName = IBPSwiftCorePackageTests;
		};
/* End PBXAggregateTarget section */

/* Begin PBXBuildFile section */
		150D6623869BDAF10F3332DF /* Pods_IBPSwiftCorePackageDescription.framework in Frameworks */ = {isa = PBXBuildFile; fileRef = B0ABE16A465E5A2BD9CF3A91 /* Pods_IBPSwiftCorePackageDescription.framework */; };
		84137F51B47437EE7A640E59 /* Pods_IBPSwiftCoreTests.framework in Frameworks */ = {isa = PBXBuildFile; fileRef = 8D6B1C2782485BAD2E80A930 /* Pods_IBPSwiftCoreTests.framework */; };
		A041623B257D60C000375E26 /* ApiClient.swift in Sources */ = {isa = PBXBuildFile; fileRef = A041623A257D60C000375E26 /* ApiClient.swift */; };
		A041623D257D611A00375E26 /* OAuth2Handler.swift in Sources */ = {isa = PBXBuildFile; fileRef = A041623C257D611A00375E26 /* OAuth2Handler.swift */; };
		A041623F257D61BA00375E26 /* AppError.swift in Sources */ = {isa = PBXBuildFile; fileRef = A041623E257D61BA00375E26 /* AppError.swift */; };
		A0416241257D62B400375E26 /* ApiClientConfig.swift in Sources */ = {isa = PBXBuildFile; fileRef = A0416240257D62B400375E26 /* ApiClientConfig.swift */; };
		A0416243257D643F00375E26 /* AnyEncodable.swift in Sources */ = {isa = PBXBuildFile; fileRef = A0416242257D643F00375E26 /* AnyEncodable.swift */; };
		A0416249257D654F00375E26 /* EncodableExtension.swift in Sources */ = {isa = PBXBuildFile; fileRef = A0416248257D654F00375E26 /* EncodableExtension.swift */; };
		A041624B257D657200375E26 /* DataExtension.swift in Sources */ = {isa = PBXBuildFile; fileRef = A041624A257D657200375E26 /* DataExtension.swift */; };
		A041624D257D659100375E26 /* KeyChainHelper.swift in Sources */ = {isa = PBXBuildFile; fileRef = A041624C257D659100375E26 /* KeyChainHelper.swift */; };
		A0E2BDB0256C5A310077BADD /* IBPSwiftDateTests.swift in Sources */ = {isa = PBXBuildFile; fileRef = A0E2BDAF256C5A310077BADD /* IBPSwiftDateTests.swift */; };
		A0E2BDB2256C5C500077BADD /* DateExtension.swift in Sources */ = {isa = PBXBuildFile; fileRef = A0E2BDB1256C5C500077BADD /* DateExtension.swift */; };
		A0EDF18D256A7D94003F4179 /* IBPSwiftCore.swift in Sources */ = {isa = PBXBuildFile; fileRef = A0EDF18C256A7D94003F4179 /* IBPSwiftCore.swift */; };
		EC7A4BF22CB5954059051B0D /* Pods_IBPSwiftCore.framework in Frameworks */ = {isa = PBXBuildFile; fileRef = 576EB7D84EA7FE9D92191FC6 /* Pods_IBPSwiftCore.framework */; };
		OBJ_23 /* UIColorExtension.swift in Sources */ = {isa = PBXBuildFile; fileRef = OBJ_9 /* UIColorExtension.swift */; };
		OBJ_30 /* Package.swift in Sources */ = {isa = PBXBuildFile; fileRef = OBJ_6 /* Package.swift */; };
		OBJ_41 /* IBPSwiftColorTests.swift in Sources */ = {isa = PBXBuildFile; fileRef = OBJ_12 /* IBPSwiftColorTests.swift */; };
		OBJ_42 /* XCTestManifests.swift in Sources */ = {isa = PBXBuildFile; fileRef = OBJ_13 /* XCTestManifests.swift */; };
		OBJ_44 /* IBPSwiftCore.framework in Frameworks */ = {isa = PBXBuildFile; fileRef = "IBPSwiftCore::IBPSwiftCore::Product" /* IBPSwiftCore.framework */; };
/* End PBXBuildFile section */

/* Begin PBXContainerItemProxy section */
		A0EDF165256985C1003F4179 /* PBXContainerItemProxy */ = {
			isa = PBXContainerItemProxy;
			containerPortal = OBJ_1 /* Project object */;
			proxyType = 1;
			remoteGlobalIDString = "IBPSwiftCore::IBPSwiftCore";
			remoteInfo = IBPSwiftCore;
		};
		A0EDF166256985C2003F4179 /* PBXContainerItemProxy */ = {
			isa = PBXContainerItemProxy;
			containerPortal = OBJ_1 /* Project object */;
			proxyType = 1;
			remoteGlobalIDString = "IBPSwiftCore::IBPSwiftCoreTests";
			remoteInfo = IBPSwiftCoreTests;
		};
/* End PBXContainerItemProxy section */

/* Begin PBXFileReference section */
		00D2E200006CEFD92158F3AF /* Pods-IBPSwiftCoreTests.release.xcconfig */ = {isa = PBXFileReference; includeInIndex = 1; lastKnownFileType = text.xcconfig; name = "Pods-IBPSwiftCoreTests.release.xcconfig"; path = "Pods/Target Support Files/Pods-IBPSwiftCoreTests/Pods-IBPSwiftCoreTests.release.xcconfig"; sourceTree = "<group>"; };
		576EB7D84EA7FE9D92191FC6 /* Pods_IBPSwiftCore.framework */ = {isa = PBXFileReference; explicitFileType = wrapper.framework; includeInIndex = 0; path = Pods_IBPSwiftCore.framework; sourceTree = BUILT_PRODUCTS_DIR; };
		8D6B1C2782485BAD2E80A930 /* Pods_IBPSwiftCoreTests.framework */ = {isa = PBXFileReference; explicitFileType = wrapper.framework; includeInIndex = 0; path = Pods_IBPSwiftCoreTests.framework; sourceTree = BUILT_PRODUCTS_DIR; };
		9C9C67A029C98D903874F80B /* Pods-IBPSwiftCorePackageDescription.debug.xcconfig */ = {isa = PBXFileReference; includeInIndex = 1; lastKnownFileType = text.xcconfig; name = "Pods-IBPSwiftCorePackageDescription.debug.xcconfig"; path = "Pods/Target Support Files/Pods-IBPSwiftCorePackageDescription/Pods-IBPSwiftCorePackageDescription.debug.xcconfig"; sourceTree = "<group>"; };
		A041623A257D60C000375E26 /* ApiClient.swift */ = {isa = PBXFileReference; lastKnownFileType = sourcecode.swift; path = ApiClient.swift; sourceTree = "<group>"; };
		A041623C257D611A00375E26 /* OAuth2Handler.swift */ = {isa = PBXFileReference; lastKnownFileType = sourcecode.swift; path = OAuth2Handler.swift; sourceTree = "<group>"; };
		A041623E257D61BA00375E26 /* AppError.swift */ = {isa = PBXFileReference; lastKnownFileType = sourcecode.swift; path = AppError.swift; sourceTree = "<group>"; };
		A0416240257D62B400375E26 /* ApiClientConfig.swift */ = {isa = PBXFileReference; lastKnownFileType = sourcecode.swift; path = ApiClientConfig.swift; sourceTree = "<group>"; };
		A0416242257D643F00375E26 /* AnyEncodable.swift */ = {isa = PBXFileReference; lastKnownFileType = sourcecode.swift; path = AnyEncodable.swift; sourceTree = "<group>"; };
		A0416248257D654F00375E26 /* EncodableExtension.swift */ = {isa = PBXFileReference; lastKnownFileType = sourcecode.swift; path = EncodableExtension.swift; sourceTree = "<group>"; };
		A041624A257D657200375E26 /* DataExtension.swift */ = {isa = PBXFileReference; lastKnownFileType = sourcecode.swift; path = DataExtension.swift; sourceTree = "<group>"; };
		A041624C257D659100375E26 /* KeyChainHelper.swift */ = {isa = PBXFileReference; lastKnownFileType = sourcecode.swift; path = KeyChainHelper.swift; sourceTree = "<group>"; };
		A0E2BDAF256C5A310077BADD /* IBPSwiftDateTests.swift */ = {isa = PBXFileReference; lastKnownFileType = sourcecode.swift; path = IBPSwiftDateTests.swift; sourceTree = "<group>"; };
		A0E2BDB1256C5C500077BADD /* DateExtension.swift */ = {isa = PBXFileReference; lastKnownFileType = sourcecode.swift; path = DateExtension.swift; sourceTree = "<group>"; };
		A0EDF18C256A7D94003F4179 /* IBPSwiftCore.swift */ = {isa = PBXFileReference; lastKnownFileType = sourcecode.swift; path = IBPSwiftCore.swift; sourceTree = "<group>"; };
		A0EDF192256AEB59003F4179 /* IBPSwiftCore.podspec */ = {isa = PBXFileReference; fileEncoding = 4; lastKnownFileType = text; path = IBPSwiftCore.podspec; sourceTree = "<group>"; };
		A65D2F72363DC845FD029CE9 /* Pods-IBPSwiftCoreTests.debug.xcconfig */ = {isa = PBXFileReference; includeInIndex = 1; lastKnownFileType = text.xcconfig; name = "Pods-IBPSwiftCoreTests.debug.xcconfig"; path = "Pods/Target Support Files/Pods-IBPSwiftCoreTests/Pods-IBPSwiftCoreTests.debug.xcconfig"; sourceTree = "<group>"; };
		AF6DF6D2F0171A2AD6679B04 /* Pods-IBPSwiftCorePackageDescription.release.xcconfig */ = {isa = PBXFileReference; includeInIndex = 1; lastKnownFileType = text.xcconfig; name = "Pods-IBPSwiftCorePackageDescription.release.xcconfig"; path = "Pods/Target Support Files/Pods-IBPSwiftCorePackageDescription/Pods-IBPSwiftCorePackageDescription.release.xcconfig"; sourceTree = "<group>"; };
		B0ABE16A465E5A2BD9CF3A91 /* Pods_IBPSwiftCorePackageDescription.framework */ = {isa = PBXFileReference; explicitFileType = wrapper.framework; includeInIndex = 0; path = Pods_IBPSwiftCorePackageDescription.framework; sourceTree = BUILT_PRODUCTS_DIR; };
		DBAD2BBDC40520E7B50569F2 /* Pods-IBPSwiftCore.release.xcconfig */ = {isa = PBXFileReference; includeInIndex = 1; lastKnownFileType = text.xcconfig; name = "Pods-IBPSwiftCore.release.xcconfig"; path = "Pods/Target Support Files/Pods-IBPSwiftCore/Pods-IBPSwiftCore.release.xcconfig"; sourceTree = "<group>"; };
		FB22A30BABB047D75F728957 /* Pods-IBPSwiftCore.debug.xcconfig */ = {isa = PBXFileReference; includeInIndex = 1; lastKnownFileType = text.xcconfig; name = "Pods-IBPSwiftCore.debug.xcconfig"; path = "Pods/Target Support Files/Pods-IBPSwiftCore/Pods-IBPSwiftCore.debug.xcconfig"; sourceTree = "<group>"; };
		"IBPSwiftCore::IBPSwiftCore::Product" /* IBPSwiftCore.framework */ = {isa = PBXFileReference; explicitFileType = wrapper.framework; path = IBPSwiftCore.framework; sourceTree = BUILT_PRODUCTS_DIR; };
		"IBPSwiftCore::IBPSwiftCoreTests::Product" /* IBPSwiftCoreTests.xctest */ = {isa = PBXFileReference; explicitFileType = wrapper.cfbundle; path = IBPSwiftCoreTests.xctest; sourceTree = BUILT_PRODUCTS_DIR; };
		OBJ_12 /* IBPSwiftColorTests.swift */ = {isa = PBXFileReference; lastKnownFileType = sourcecode.swift; path = IBPSwiftColorTests.swift; sourceTree = "<group>"; };
		OBJ_13 /* XCTestManifests.swift */ = {isa = PBXFileReference; lastKnownFileType = sourcecode.swift; path = XCTestManifests.swift; sourceTree = "<group>"; };
		OBJ_17 /* README.md */ = {isa = PBXFileReference; lastKnownFileType = net.daringfireball.markdown; path = README.md; sourceTree = "<group>"; };
		OBJ_6 /* Package.swift */ = {isa = PBXFileReference; explicitFileType = sourcecode.swift; path = Package.swift; sourceTree = "<group>"; };
		OBJ_9 /* UIColorExtension.swift */ = {isa = PBXFileReference; lastKnownFileType = sourcecode.swift; path = UIColorExtension.swift; sourceTree = "<group>"; };
/* End PBXFileReference section */

/* Begin PBXFrameworksBuildPhase section */
		D80BD0668E6CF0D99A8514D9 /* Frameworks */ = {
			isa = PBXFrameworksBuildPhase;
			buildActionMask = 2147483647;
			files = (
				150D6623869BDAF10F3332DF /* Pods_IBPSwiftCorePackageDescription.framework in Frameworks */,
			);
			runOnlyForDeploymentPostprocessing = 0;
		};
		OBJ_24 /* Frameworks */ = {
			isa = PBXFrameworksBuildPhase;
			buildActionMask = 0;
			files = (
				EC7A4BF22CB5954059051B0D /* Pods_IBPSwiftCore.framework in Frameworks */,
			);
			runOnlyForDeploymentPostprocessing = 0;
		};
		OBJ_43 /* Frameworks */ = {
			isa = PBXFrameworksBuildPhase;
			buildActionMask = 0;
			files = (
				OBJ_44 /* IBPSwiftCore.framework in Frameworks */,
				84137F51B47437EE7A640E59 /* Pods_IBPSwiftCoreTests.framework in Frameworks */,
			);
			runOnlyForDeploymentPostprocessing = 0;
		};
/* End PBXFrameworksBuildPhase section */

/* Begin PBXGroup section */
		2829E128326CC02FA41B06CA /* Frameworks */ = {
			isa = PBXGroup;
			children = (
				576EB7D84EA7FE9D92191FC6 /* Pods_IBPSwiftCore.framework */,
				B0ABE16A465E5A2BD9CF3A91 /* Pods_IBPSwiftCorePackageDescription.framework */,
				8D6B1C2782485BAD2E80A930 /* Pods_IBPSwiftCoreTests.framework */,
			);
			name = Frameworks;
			sourceTree = "<group>";
		};
		685A82EF689F9ECC51075A9B /* Pods */ = {
			isa = PBXGroup;
			children = (
				FB22A30BABB047D75F728957 /* Pods-IBPSwiftCore.debug.xcconfig */,
				DBAD2BBDC40520E7B50569F2 /* Pods-IBPSwiftCore.release.xcconfig */,
				9C9C67A029C98D903874F80B /* Pods-IBPSwiftCorePackageDescription.debug.xcconfig */,
				AF6DF6D2F0171A2AD6679B04 /* Pods-IBPSwiftCorePackageDescription.release.xcconfig */,
				A65D2F72363DC845FD029CE9 /* Pods-IBPSwiftCoreTests.debug.xcconfig */,
				00D2E200006CEFD92158F3AF /* Pods-IBPSwiftCoreTests.release.xcconfig */,
			);
			name = Pods;
			sourceTree = "<group>";
		};
		A0FE52C62596133800C7EBB2 /* Networking */ = {
			isa = PBXGroup;
			children = (
				A0416242257D643F00375E26 /* AnyEncodable.swift */,
				A041623E257D61BA00375E26 /* AppError.swift */,
				A041623C257D611A00375E26 /* OAuth2Handler.swift */,
				A0416240257D62B400375E26 /* ApiClientConfig.swift */,
				A041623A257D60C000375E26 /* ApiClient.swift */,
			);
			name = Networking;
			sourceTree = "<group>";
		};
		A0FE52C82596137000C7EBB2 /* Extensions */ = {
			isa = PBXGroup;
			children = (
				A041624A257D657200375E26 /* DataExtension.swift */,
				A0E2BDB1256C5C500077BADD /* DateExtension.swift */,
				OBJ_9 /* UIColorExtension.swift */,
				A0416248257D654F00375E26 /* EncodableExtension.swift */,
			);
			name = Extensions;
			sourceTree = "<group>";
		};
		A0FE52C92596137900C7EBB2 /* Helpers */ = {
			isa = PBXGroup;
			children = (
				A041624C257D659100375E26 /* KeyChainHelper.swift */,
			);
			name = Helpers;
			sourceTree = "<group>";
		};
		OBJ_10 /* Tests */ = {
			isa = PBXGroup;
			children = (
				OBJ_11 /* IBPSwiftCoreTests */,
			);
			name = Tests;
			sourceTree = SOURCE_ROOT;
		};
		OBJ_11 /* IBPSwiftCoreTests */ = {
			isa = PBXGroup;
			children = (
				OBJ_12 /* IBPSwiftColorTests.swift */,
				A0E2BDAF256C5A310077BADD /* IBPSwiftDateTests.swift */,
				OBJ_13 /* XCTestManifests.swift */,
			);
			name = IBPSwiftCoreTests;
			path = Tests/IBPSwiftCoreTests;
			sourceTree = SOURCE_ROOT;
		};
		OBJ_14 /* Products */ = {
			isa = PBXGroup;
			children = (
				"IBPSwiftCore::IBPSwiftCoreTests::Product" /* IBPSwiftCoreTests.xctest */,
				"IBPSwiftCore::IBPSwiftCore::Product" /* IBPSwiftCore.framework */,
			);
			name = Products;
			sourceTree = BUILT_PRODUCTS_DIR;
		};
		OBJ_5 = {
			isa = PBXGroup;
			children = (
				A0EDF192256AEB59003F4179 /* IBPSwiftCore.podspec */,
				OBJ_6 /* Package.swift */,
				OBJ_7 /* Sources */,
				OBJ_10 /* Tests */,
				OBJ_14 /* Products */,
				OBJ_17 /* README.md */,
				685A82EF689F9ECC51075A9B /* Pods */,
				2829E128326CC02FA41B06CA /* Frameworks */,
			);
			sourceTree = "<group>";
		};
		OBJ_7 /* Sources */ = {
			isa = PBXGroup;
			children = (
				OBJ_8 /* IBPSwiftCore */,
			);
			name = Sources;
			sourceTree = SOURCE_ROOT;
		};
		OBJ_8 /* IBPSwiftCore */ = {
			isa = PBXGroup;
			children = (
				A0FE52C92596137900C7EBB2 /* Helpers */,
				A0FE52C82596137000C7EBB2 /* Extensions */,
				A0FE52C62596133800C7EBB2 /* Networking */,
				A0EDF18C256A7D94003F4179 /* IBPSwiftCore.swift */,
			);
			name = IBPSwiftCore;
			path = Sources/IBPSwiftCore;
			sourceTree = SOURCE_ROOT;
		};
/* End PBXGroup section */

/* Begin PBXNativeTarget section */
		"IBPSwiftCore::IBPSwiftCore" /* IBPSwiftCore */ = {
			isa = PBXNativeTarget;
			buildConfigurationList = OBJ_19 /* Build configuration list for PBXNativeTarget "IBPSwiftCore" */;
			buildPhases = (
				644C4419F7AAF99AA1387846 /* [CP] Check Pods Manifest.lock */,
				OBJ_22 /* Sources */,
				OBJ_24 /* Frameworks */,
			);
			buildRules = (
			);
			dependencies = (
			);
			name = IBPSwiftCore;
			productName = IBPSwiftCore;
			productReference = "IBPSwiftCore::IBPSwiftCore::Product" /* IBPSwiftCore.framework */;
			productType = "com.apple.product-type.framework";
		};
		"IBPSwiftCore::IBPSwiftCoreTests" /* IBPSwiftCoreTests */ = {
			isa = PBXNativeTarget;
			buildConfigurationList = OBJ_37 /* Build configuration list for PBXNativeTarget "IBPSwiftCoreTests" */;
			buildPhases = (
				F7D13CAB1B3F5492ED4B745E /* [CP] Check Pods Manifest.lock */,
				OBJ_40 /* Sources */,
				OBJ_43 /* Frameworks */,
				95435D0AB855913C5B83A459 /* [CP] Embed Pods Frameworks */,
			);
			buildRules = (
			);
			dependencies = (
				OBJ_45 /* PBXTargetDependency */,
			);
			name = IBPSwiftCoreTests;
			productName = IBPSwiftCoreTests;
			productReference = "IBPSwiftCore::IBPSwiftCoreTests::Product" /* IBPSwiftCoreTests.xctest */;
			productType = "com.apple.product-type.bundle.unit-test";
		};
		"IBPSwiftCore::SwiftPMPackageDescription" /* IBPSwiftCorePackageDescription */ = {
			isa = PBXNativeTarget;
			buildConfigurationList = OBJ_26 /* Build configuration list for PBXNativeTarget "IBPSwiftCorePackageDescription" */;
			buildPhases = (
				F01B013C83A06318C7BE3CCB /* [CP] Check Pods Manifest.lock */,
				OBJ_29 /* Sources */,
				D80BD0668E6CF0D99A8514D9 /* Frameworks */,
			);
			buildRules = (
			);
			dependencies = (
			);
			name = IBPSwiftCorePackageDescription;
			productName = IBPSwiftCorePackageDescription;
			productType = "com.apple.product-type.framework";
		};
/* End PBXNativeTarget section */

/* Begin PBXProject section */
		OBJ_1 /* Project object */ = {
			isa = PBXProject;
			attributes = {
				LastSwiftMigration = 9999;
				LastUpgradeCheck = 9999;
			};
			buildConfigurationList = OBJ_2 /* Build configuration list for PBXProject "IBPSwiftCore" */;
			compatibilityVersion = "Xcode 3.2";
			developmentRegion = en;
			hasScannedForEncodings = 0;
			knownRegions = (
				en,
			);
			mainGroup = OBJ_5;
			productRefGroup = OBJ_14 /* Products */;
			projectDirPath = "";
			projectRoot = "";
			targets = (
				"IBPSwiftCore::IBPSwiftCore" /* IBPSwiftCore */,
				"IBPSwiftCore::SwiftPMPackageDescription" /* IBPSwiftCorePackageDescription */,
				"IBPSwiftCore::IBPSwiftCorePackageTests::ProductTarget" /* IBPSwiftCorePackageTests */,
				"IBPSwiftCore::IBPSwiftCoreTests" /* IBPSwiftCoreTests */,
			);
		};
/* End PBXProject section */

/* Begin PBXShellScriptBuildPhase section */
		644C4419F7AAF99AA1387846 /* [CP] Check Pods Manifest.lock */ = {
			isa = PBXShellScriptBuildPhase;
			buildActionMask = 2147483647;
			files = (
			);
			inputFileListPaths = (
			);
			inputPaths = (
				"${PODS_PODFILE_DIR_PATH}/Podfile.lock",
				"${PODS_ROOT}/Manifest.lock",
			);
			name = "[CP] Check Pods Manifest.lock";
			outputFileListPaths = (
			);
			outputPaths = (
				"$(DERIVED_FILE_DIR)/Pods-IBPSwiftCore-checkManifestLockResult.txt",
			);
			runOnlyForDeploymentPostprocessing = 0;
			shellPath = /bin/sh;
			shellScript = "diff \"${PODS_PODFILE_DIR_PATH}/Podfile.lock\" \"${PODS_ROOT}/Manifest.lock\" > /dev/null\nif [ $? != 0 ] ; then\n    # print error to STDERR\n    echo \"error: The sandbox is not in sync with the Podfile.lock. Run 'pod install' or update your CocoaPods installation.\" >&2\n    exit 1\nfi\n# This output is used by Xcode 'outputs' to avoid re-running this script phase.\necho \"SUCCESS\" > \"${SCRIPT_OUTPUT_FILE_0}\"\n";
			showEnvVarsInLog = 0;
		};
		95435D0AB855913C5B83A459 /* [CP] Embed Pods Frameworks */ = {
			isa = PBXShellScriptBuildPhase;
			buildActionMask = 2147483647;
			files = (
			);
			inputPaths = (
				"${PODS_ROOT}/Target Support Files/Pods-IBPSwiftCoreTests/Pods-IBPSwiftCoreTests-frameworks.sh",
				"${BUILT_PRODUCTS_DIR}/Alamofire/Alamofire.framework",
				"${BUILT_PRODUCTS_DIR}/ObjectMapper/ObjectMapper.framework",
			);
			name = "[CP] Embed Pods Frameworks";
			outputPaths = (
				"${TARGET_BUILD_DIR}/${FRAMEWORKS_FOLDER_PATH}/Alamofire.framework",
				"${TARGET_BUILD_DIR}/${FRAMEWORKS_FOLDER_PATH}/ObjectMapper.framework",
			);
			runOnlyForDeploymentPostprocessing = 0;
			shellPath = /bin/sh;
			shellScript = "\"${PODS_ROOT}/Target Support Files/Pods-IBPSwiftCoreTests/Pods-IBPSwiftCoreTests-frameworks.sh\"\n";
			showEnvVarsInLog = 0;
		};
		F01B013C83A06318C7BE3CCB /* [CP] Check Pods Manifest.lock */ = {
			isa = PBXShellScriptBuildPhase;
			buildActionMask = 2147483647;
			files = (
			);
			inputFileListPaths = (
			);
			inputPaths = (
				"${PODS_PODFILE_DIR_PATH}/Podfile.lock",
				"${PODS_ROOT}/Manifest.lock",
			);
			name = "[CP] Check Pods Manifest.lock";
			outputFileListPaths = (
			);
			outputPaths = (
				"$(DERIVED_FILE_DIR)/Pods-IBPSwiftCorePackageDescription-checkManifestLockResult.txt",
			);
			runOnlyForDeploymentPostprocessing = 0;
			shellPath = /bin/sh;
			shellScript = "diff \"${PODS_PODFILE_DIR_PATH}/Podfile.lock\" \"${PODS_ROOT}/Manifest.lock\" > /dev/null\nif [ $? != 0 ] ; then\n    # print error to STDERR\n    echo \"error: The sandbox is not in sync with the Podfile.lock. Run 'pod install' or update your CocoaPods installation.\" >&2\n    exit 1\nfi\n# This output is used by Xcode 'outputs' to avoid re-running this script phase.\necho \"SUCCESS\" > \"${SCRIPT_OUTPUT_FILE_0}\"\n";
			showEnvVarsInLog = 0;
		};
		F7D13CAB1B3F5492ED4B745E /* [CP] Check Pods Manifest.lock */ = {
			isa = PBXShellScriptBuildPhase;
			buildActionMask = 2147483647;
			files = (
			);
			inputFileListPaths = (
			);
			inputPaths = (
				"${PODS_PODFILE_DIR_PATH}/Podfile.lock",
				"${PODS_ROOT}/Manifest.lock",
			);
			name = "[CP] Check Pods Manifest.lock";
			outputFileListPaths = (
			);
			outputPaths = (
				"$(DERIVED_FILE_DIR)/Pods-IBPSwiftCoreTests-checkManifestLockResult.txt",
			);
			runOnlyForDeploymentPostprocessing = 0;
			shellPath = /bin/sh;
			shellScript = "diff \"${PODS_PODFILE_DIR_PATH}/Podfile.lock\" \"${PODS_ROOT}/Manifest.lock\" > /dev/null\nif [ $? != 0 ] ; then\n    # print error to STDERR\n    echo \"error: The sandbox is not in sync with the Podfile.lock. Run 'pod install' or update your CocoaPods installation.\" >&2\n    exit 1\nfi\n# This output is used by Xcode 'outputs' to avoid re-running this script phase.\necho \"SUCCESS\" > \"${SCRIPT_OUTPUT_FILE_0}\"\n";
			showEnvVarsInLog = 0;
		};
/* End PBXShellScriptBuildPhase section */

/* Begin PBXSourcesBuildPhase section */
		OBJ_22 /* Sources */ = {
			isa = PBXSourcesBuildPhase;
			buildActionMask = 0;
			files = (
				A0416241257D62B400375E26 /* ApiClientConfig.swift in Sources */,
				A0416249257D654F00375E26 /* EncodableExtension.swift in Sources */,
				A0416243257D643F00375E26 /* AnyEncodable.swift in Sources */,
				A041624D257D659100375E26 /* KeyChainHelper.swift in Sources */,
				A0EDF18D256A7D94003F4179 /* IBPSwiftCore.swift in Sources */,
				A041624B257D657200375E26 /* DataExtension.swift in Sources */,
				OBJ_23 /* UIColorExtension.swift in Sources */,
				A041623D257D611A00375E26 /* OAuth2Handler.swift in Sources */,
				A0E2BDB2256C5C500077BADD /* DateExtension.swift in Sources */,
				A041623B257D60C000375E26 /* ApiClient.swift in Sources */,
				A041623F257D61BA00375E26 /* AppError.swift in Sources */,
			);
			runOnlyForDeploymentPostprocessing = 0;
		};
		OBJ_29 /* Sources */ = {
			isa = PBXSourcesBuildPhase;
			buildActionMask = 0;
			files = (
				OBJ_30 /* Package.swift in Sources */,
			);
			runOnlyForDeploymentPostprocessing = 0;
		};
		OBJ_40 /* Sources */ = {
			isa = PBXSourcesBuildPhase;
			buildActionMask = 0;
			files = (
				OBJ_41 /* IBPSwiftColorTests.swift in Sources */,
				OBJ_42 /* XCTestManifests.swift in Sources */,
				A0E2BDB0256C5A310077BADD /* IBPSwiftDateTests.swift in Sources */,
			);
			runOnlyForDeploymentPostprocessing = 0;
		};
/* End PBXSourcesBuildPhase section */

/* Begin PBXTargetDependency section */
		OBJ_35 /* PBXTargetDependency */ = {
			isa = PBXTargetDependency;
			target = "IBPSwiftCore::IBPSwiftCoreTests" /* IBPSwiftCoreTests */;
			targetProxy = A0EDF166256985C2003F4179 /* PBXContainerItemProxy */;
		};
		OBJ_45 /* PBXTargetDependency */ = {
			isa = PBXTargetDependency;
			target = "IBPSwiftCore::IBPSwiftCore" /* IBPSwiftCore */;
			targetProxy = A0EDF165256985C1003F4179 /* PBXContainerItemProxy */;
		};
/* End PBXTargetDependency section */

/* Begin XCBuildConfiguration section */
		OBJ_20 /* Debug */ = {
			isa = XCBuildConfiguration;
			baseConfigurationReference = FB22A30BABB047D75F728957 /* Pods-IBPSwiftCore.debug.xcconfig */;
			buildSettings = {
				ENABLE_TESTABILITY = YES;
				FRAMEWORK_SEARCH_PATHS = (
					"$(inherited)",
					"$(PLATFORM_DIR)/Developer/Library/Frameworks",
				);
				HEADER_SEARCH_PATHS = "$(inherited)";
				INFOPLIST_FILE = IBPSwiftCore.xcodeproj/IBPSwiftCore_Info.plist;
				IPHONEOS_DEPLOYMENT_TARGET = 10.0;
				LD_RUNPATH_SEARCH_PATHS = "$(inherited) $(TOOLCHAIN_DIR)/usr/lib/swift/macosx";
				MACOSX_DEPLOYMENT_TARGET = 10.10;
				OTHER_CFLAGS = "$(inherited)";
				OTHER_LDFLAGS = "$(inherited)";
				OTHER_SWIFT_FLAGS = "$(inherited)";
				PRODUCT_BUNDLE_IDENTIFIER = IBPSwiftCore;
				PRODUCT_MODULE_NAME = "$(TARGET_NAME:c99extidentifier)";
				PRODUCT_NAME = "$(TARGET_NAME:c99extidentifier)";
				SKIP_INSTALL = YES;
				SWIFT_ACTIVE_COMPILATION_CONDITIONS = "$(inherited)";
				SWIFT_VERSION = 5.0;
				TARGET_NAME = IBPSwiftCore;
				TVOS_DEPLOYMENT_TARGET = 9.0;
				WATCHOS_DEPLOYMENT_TARGET = 2.0;
			};
			name = Debug;
		};
		OBJ_21 /* Release */ = {
			isa = XCBuildConfiguration;
			baseConfigurationReference = DBAD2BBDC40520E7B50569F2 /* Pods-IBPSwiftCore.release.xcconfig */;
			buildSettings = {
				ENABLE_TESTABILITY = YES;
				FRAMEWORK_SEARCH_PATHS = (
					"$(inherited)",
					"$(PLATFORM_DIR)/Developer/Library/Frameworks",
				);
				HEADER_SEARCH_PATHS = "$(inherited)";
				INFOPLIST_FILE = IBPSwiftCore.xcodeproj/IBPSwiftCore_Info.plist;
				IPHONEOS_DEPLOYMENT_TARGET = 10.0;
				LD_RUNPATH_SEARCH_PATHS = "$(inherited) $(TOOLCHAIN_DIR)/usr/lib/swift/macosx";
				MACOSX_DEPLOYMENT_TARGET = 10.10;
				OTHER_CFLAGS = "$(inherited)";
				OTHER_LDFLAGS = "$(inherited)";
				OTHER_SWIFT_FLAGS = "$(inherited)";
				PRODUCT_BUNDLE_IDENTIFIER = IBPSwiftCore;
				PRODUCT_MODULE_NAME = "$(TARGET_NAME:c99extidentifier)";
				PRODUCT_NAME = "$(TARGET_NAME:c99extidentifier)";
				SKIP_INSTALL = YES;
				SWIFT_ACTIVE_COMPILATION_CONDITIONS = "$(inherited)";
				SWIFT_VERSION = 5.0;
				TARGET_NAME = IBPSwiftCore;
				TVOS_DEPLOYMENT_TARGET = 9.0;
				WATCHOS_DEPLOYMENT_TARGET = 2.0;
			};
			name = Release;
		};
		OBJ_27 /* Debug */ = {
			isa = XCBuildConfiguration;
			baseConfigurationReference = 9C9C67A029C98D903874F80B /* Pods-IBPSwiftCorePackageDescription.debug.xcconfig */;
			buildSettings = {
				IPHONEOS_DEPLOYMENT_TARGET = 10.0;
				LD = /usr/bin/true;
				OTHER_SWIFT_FLAGS = "-swift-version 5 -I $(TOOLCHAIN_DIR)/usr/lib/swift/pm/4_2 -target x86_64-apple-macosx10.10 -sdk /Applications/Xcode.app/Contents/Developer/Platforms/MacOSX.platform/Developer/SDKs/MacOSX10.15.sdk -package-description-version 5.2.0";
				SWIFT_VERSION = 5.0;
			};
			name = Debug;
		};
		OBJ_28 /* Release */ = {
			isa = XCBuildConfiguration;
			baseConfigurationReference = AF6DF6D2F0171A2AD6679B04 /* Pods-IBPSwiftCorePackageDescription.release.xcconfig */;
			buildSettings = {
				IPHONEOS_DEPLOYMENT_TARGET = 10.0;
				LD = /usr/bin/true;
				OTHER_SWIFT_FLAGS = "-swift-version 5 -I $(TOOLCHAIN_DIR)/usr/lib/swift/pm/4_2 -target x86_64-apple-macosx10.10 -sdk /Applications/Xcode.app/Contents/Developer/Platforms/MacOSX.platform/Developer/SDKs/MacOSX10.15.sdk -package-description-version 5.2.0";
				SWIFT_VERSION = 5.0;
			};
			name = Release;
		};
		OBJ_3 /* Debug */ = {
			isa = XCBuildConfiguration;
			buildSettings = {
				CLANG_ENABLE_OBJC_ARC = YES;
				COMBINE_HIDPI_IMAGES = YES;
				COPY_PHASE_STRIP = NO;
				DEBUG_INFORMATION_FORMAT = dwarf;
				DYLIB_INSTALL_NAME_BASE = "@rpath";
				ENABLE_NS_ASSERTIONS = YES;
				GCC_OPTIMIZATION_LEVEL = 0;
				GCC_PREPROCESSOR_DEFINITIONS = (
					"$(inherited)",
					"SWIFT_PACKAGE=1",
					"DEBUG=1",
				);
				MACOSX_DEPLOYMENT_TARGET = 10.10;
				ONLY_ACTIVE_ARCH = YES;
				OTHER_SWIFT_FLAGS = "$(inherited) -DXcode";
				PRODUCT_NAME = "$(TARGET_NAME)";
				SDKROOT = macosx;
				SUPPORTED_PLATFORMS = "macosx iphoneos iphonesimulator appletvos appletvsimulator watchos watchsimulator";
				SWIFT_ACTIVE_COMPILATION_CONDITIONS = "$(inherited) SWIFT_PACKAGE DEBUG";
				SWIFT_OPTIMIZATION_LEVEL = "-Onone";
				USE_HEADERMAP = NO;
			};
			name = Debug;
		};
		OBJ_33 /* Debug */ = {
			isa = XCBuildConfiguration;
			buildSettings = {
				IPHONEOS_DEPLOYMENT_TARGET = 10.0;
			};
			name = Debug;
		};
		OBJ_34 /* Release */ = {
			isa = XCBuildConfiguration;
			buildSettings = {
				IPHONEOS_DEPLOYMENT_TARGET = 10.0;
			};
			name = Release;
		};
		OBJ_38 /* Debug */ = {
			isa = XCBuildConfiguration;
			baseConfigurationReference = A65D2F72363DC845FD029CE9 /* Pods-IBPSwiftCoreTests.debug.xcconfig */;
			buildSettings = {
				CLANG_ENABLE_MODULES = YES;
				EMBEDDED_CONTENT_CONTAINS_SWIFT = YES;
				FRAMEWORK_SEARCH_PATHS = (
					"$(inherited)",
					"$(PLATFORM_DIR)/Developer/Library/Frameworks",
				);
				HEADER_SEARCH_PATHS = "$(inherited)";
				INFOPLIST_FILE = IBPSwiftCore.xcodeproj/IBPSwiftCoreTests_Info.plist;
				IPHONEOS_DEPLOYMENT_TARGET = 10.0;
				LD_RUNPATH_SEARCH_PATHS = "$(inherited) @loader_path/../Frameworks @loader_path/Frameworks";
				MACOSX_DEPLOYMENT_TARGET = 10.10;
				OTHER_CFLAGS = "$(inherited)";
				OTHER_LDFLAGS = "$(inherited)";
				OTHER_SWIFT_FLAGS = "$(inherited)";
				SWIFT_ACTIVE_COMPILATION_CONDITIONS = "$(inherited)";
				SWIFT_VERSION = 5.0;
				TARGET_NAME = IBPSwiftCoreTests;
				TVOS_DEPLOYMENT_TARGET = 9.0;
				WATCHOS_DEPLOYMENT_TARGET = 2.0;
			};
			name = Debug;
		};
		OBJ_39 /* Release */ = {
			isa = XCBuildConfiguration;
			baseConfigurationReference = 00D2E200006CEFD92158F3AF /* Pods-IBPSwiftCoreTests.release.xcconfig */;
			buildSettings = {
				CLANG_ENABLE_MODULES = YES;
				EMBEDDED_CONTENT_CONTAINS_SWIFT = YES;
				FRAMEWORK_SEARCH_PATHS = (
					"$(inherited)",
					"$(PLATFORM_DIR)/Developer/Library/Frameworks",
				);
				HEADER_SEARCH_PATHS = "$(inherited)";
				INFOPLIST_FILE = IBPSwiftCore.xcodeproj/IBPSwiftCoreTests_Info.plist;
				IPHONEOS_DEPLOYMENT_TARGET = 10.0;
				LD_RUNPATH_SEARCH_PATHS = "$(inherited) @loader_path/../Frameworks @loader_path/Frameworks";
				MACOSX_DEPLOYMENT_TARGET = 10.10;
				OTHER_CFLAGS = "$(inherited)";
				OTHER_LDFLAGS = "$(inherited)";
				OTHER_SWIFT_FLAGS = "$(inherited)";
				SWIFT_ACTIVE_COMPILATION_CONDITIONS = "$(inherited)";
				SWIFT_VERSION = 5.0;
				TARGET_NAME = IBPSwiftCoreTests;
				TVOS_DEPLOYMENT_TARGET = 9.0;
				WATCHOS_DEPLOYMENT_TARGET = 2.0;
			};
			name = Release;
		};
		OBJ_4 /* Release */ = {
			isa = XCBuildConfiguration;
			buildSettings = {
				CLANG_ENABLE_OBJC_ARC = YES;
				COMBINE_HIDPI_IMAGES = YES;
				COPY_PHASE_STRIP = YES;
				DEBUG_INFORMATION_FORMAT = "dwarf-with-dsym";
				DYLIB_INSTALL_NAME_BASE = "@rpath";
				GCC_OPTIMIZATION_LEVEL = s;
				GCC_PREPROCESSOR_DEFINITIONS = (
					"$(inherited)",
					"SWIFT_PACKAGE=1",
				);
				MACOSX_DEPLOYMENT_TARGET = 10.10;
				OTHER_SWIFT_FLAGS = "$(inherited) -DXcode";
				PRODUCT_NAME = "$(TARGET_NAME)";
				SDKROOT = macosx;
				SUPPORTED_PLATFORMS = "macosx iphoneos iphonesimulator appletvos appletvsimulator watchos watchsimulator";
				SWIFT_ACTIVE_COMPILATION_CONDITIONS = "$(inherited) SWIFT_PACKAGE";
				SWIFT_OPTIMIZATION_LEVEL = "-Owholemodule";
				USE_HEADERMAP = NO;
			};
			name = Release;
		};
/* End XCBuildConfiguration section */

/* Begin XCConfigurationList section */
		OBJ_19 /* Build configuration list for PBXNativeTarget "IBPSwiftCore" */ = {
			isa = XCConfigurationList;
			buildConfigurations = (
				OBJ_20 /* Debug */,
				OBJ_21 /* Release */,
			);
			defaultConfigurationIsVisible = 0;
			defaultConfigurationName = Release;
		};
		OBJ_2 /* Build configuration list for PBXProject "IBPSwiftCore" */ = {
			isa = XCConfigurationList;
			buildConfigurations = (
				OBJ_3 /* Debug */,
				OBJ_4 /* Release */,
			);
			defaultConfigurationIsVisible = 0;
			defaultConfigurationName = Release;
		};
		OBJ_26 /* Build configuration list for PBXNativeTarget "IBPSwiftCorePackageDescription" */ = {
			isa = XCConfigurationList;
			buildConfigurations = (
				OBJ_27 /* Debug */,
				OBJ_28 /* Release */,
			);
			defaultConfigurationIsVisible = 0;
			defaultConfigurationName = Release;
		};
		OBJ_32 /* Build configuration list for PBXAggregateTarget "IBPSwiftCorePackageTests" */ = {
			isa = XCConfigurationList;
			buildConfigurations = (
				OBJ_33 /* Debug */,
				OBJ_34 /* Release */,
			);
			defaultConfigurationIsVisible = 0;
			defaultConfigurationName = Release;
		};
		OBJ_37 /* Build configuration list for PBXNativeTarget "IBPSwiftCoreTests" */ = {
			isa = XCConfigurationList;
			buildConfigurations = (
				OBJ_38 /* Debug */,
				OBJ_39 /* Release */,
			);
			defaultConfigurationIsVisible = 0;
			defaultConfigurationName = Release;
		};
/* End XCConfigurationList section */
	};
	rootObject = OBJ_1 /* Project object */;
}
